
Microsoft Visual Studio Solution File, Format Version 12.00
# Visual Studio Version 17
VisualStudioVersion = 17.8.34309.116
MinimumVisualStudioVersion = 10.0.40219.1
Project("{2150E333-8FDC-42A3-9474-1A3956D46DE8}") = "Core", "Core", "{46198EBE-75CD-4105-B214-F4250F410800}"
EndProject
Project("{9A19103F-16F7-4668-BE54-9A1E7A4F7556}") = "AnyCAD.Rapid.Dynamo.Sandbox", "Demo\AnyCAD.Rapid.Dynamo.Sandbox\AnyCAD.Rapid.Dynamo.Sandbox.csproj", "{E2D444FD-9AB3-40EE-B33D-AABBEC3F0D43}"
EndProject
Project("{9A19103F-16F7-4668-BE54-9A1E7A4F7556}") = "AnyCAD.Rapid.Dynamo.Services", "Core\AnyCAD.Rapid.Dynamo.Services\AnyCAD.Rapid.Dynamo.Services.csproj", "{BFEC32F1-7CCE-4C2D-BB2C-C7A4705762E2}"
EndProject
Project("{9A19103F-16F7-4668-BE54-9A1E7A4F7556}") = "AnyCAD.Rapid.Dynamo.Startup", "Core\AnyCAD.Rapid.Dynamo.Startup\AnyCAD.Rapid.Dynamo.Startup.csproj", "{FD52B2EA-4105-4547-AB8C-C6167DE06430}"
EndProject
Project("{9A19103F-16F7-4668-BE54-9A1E7A4F7556}") = "AnyCAD.CoreNodes", "Core\AnyCAD.CoreNodes\AnyCAD.CoreNodes.csproj", "{FA6375A7-85E4-48D2-9323-CB161BD466C3}"
EndProject
Project("{9A19103F-16F7-4668-BE54-9A1E7A4F7556}") = "AnyCAD.UserNodes", "Demo\AnyCAD.UserNodes\AnyCAD.UserNodes.csproj", "{30DC3701-4C0E-45B6-8612-3B20B38FBDD7}"
EndProject
Global
	GlobalSection(SolutionConfigurationPlatforms) = preSolution
		Debug|Any CPU = Debug|Any CPU
		Debug|x64 = Debug|x64
		Release|Any CPU = Release|Any CPU
		Release|x64 = Release|x64
	EndGlobalSection
	GlobalSection(ProjectConfigurationPlatforms) = postSolution
		{E2D444FD-9AB3-40EE-B33D-AABBEC3F0D43}.Debug|Any CPU.ActiveCfg = Debug|Any CPU
		{E2D444FD-9AB3-40EE-B33D-AABBEC3F0D43}.Debug|Any CPU.Build.0 = Debug|Any CPU
		{E2D444FD-9AB3-40EE-B33D-AABBEC3F0D43}.Debug|x64.ActiveCfg = Debug|x64
		{E2D444FD-9AB3-40EE-B33D-AABBEC3F0D43}.Debug|x64.Build.0 = Debug|x64
		{E2D444FD-9AB3-40EE-B33D-AABBEC3F0D43}.Release|Any CPU.ActiveCfg = Release|Any CPU
		{E2D444FD-9AB3-40EE-B33D-AABBEC3F0D43}.Release|Any CPU.Build.0 = Release|Any CPU
		{E2D444FD-9AB3-40EE-B33D-AABBEC3F0D43}.Release|x64.ActiveCfg = Release|x64
		{E2D444FD-9AB3-40EE-B33D-AABBEC3F0D43}.Release|x64.Build.0 = Release|x64
		{BFEC32F1-7CCE-4C2D-BB2C-C7A4705762E2}.Debug|Any CPU.ActiveCfg = Debug|Any CPU
		{BFEC32F1-7CCE-4C2D-BB2C-C7A4705762E2}.Debug|Any CPU.Build.0 = Debug|Any CPU
		{BFEC32F1-7CCE-4C2D-BB2C-C7A4705762E2}.Debug|x64.ActiveCfg = Debug|x64
		{BFEC32F1-7CCE-4C2D-BB2C-C7A4705762E2}.Debug|x64.Build.0 = Debug|x64
		{BFEC32F1-7CCE-4C2D-BB2C-C7A4705762E2}.Release|Any CPU.ActiveCfg = Release|Any CPU
		{BFEC32F1-7CCE-4C2D-BB2C-C7A4705762E2}.Release|Any CPU.Build.0 = Release|Any CPU
		{BFEC32F1-7CCE-4C2D-BB2C-C7A4705762E2}.Release|x64.ActiveCfg = Release|x64
		{BFEC32F1-7CCE-4C2D-BB2C-C7A4705762E2}.Release|x64.Build.0 = Release|x64
		{FD52B2EA-4105-4547-AB8C-C6167DE06430}.Debug|Any CPU.ActiveCfg = Debug|Any CPU
		{FD52B2EA-4105-4547-AB8C-C6167DE06430}.Debug|Any CPU.Build.0 = Debug|Any CPU
		{FD52B2EA-4105-4547-AB8C-C6167DE06430}.Debug|x64.ActiveCfg = Debug|x64
		{FD52B2EA-4105-4547-AB8C-C6167DE06430}.Debug|x64.Build.0 = Debug|x64
		{FD52B2EA-4105-4547-AB8C-C6167DE06430}.Release|Any CPU.ActiveCfg = Release|Any CPU
		{FD52B2EA-4105-4547-AB8C-C6167DE06430}.Release|Any CPU.Build.0 = Release|Any CPU
		{FD52B2EA-4105-4547-AB8C-C6167DE06430}.Release|x64.ActiveCfg = Release|x64
		{FD52B2EA-4105-4547-AB8C-C6167DE06430}.Release|x64.Build.0 = Release|x64
		{FA6375A7-85E4-48D2-9323-CB161BD466C3}.Debug|Any CPU.ActiveCfg = Debug|Any CPU
		{FA6375A7-85E4-48D2-9323-CB161BD466C3}.Debug|Any CPU.Build.0 = Debug|Any CPU
		{FA6375A7-85E4-48D2-9323-CB161BD466C3}.Debug|x64.ActiveCfg = Debug|x64
		{FA6375A7-85E4-48D2-9323-CB161BD466C3}.Debug|x64.Build.0 = Debug|x64
		{FA6375A7-85E4-48D2-9323-CB161BD466C3}.Release|Any CPU.ActiveCfg = Release|Any CPU
		{FA6375A7-85E4-48D2-9323-CB161BD466C3}.Release|Any CPU.Build.0 = Release|Any CPU
		{FA6375A7-85E4-48D2-9323-CB161BD466C3}.Release|x64.ActiveCfg = Release|x64
		{FA6375A7-85E4-48D2-9323-CB161BD466C3}.Release|x64.Build.0 = Release|x64
		{30DC3701-4C0E-45B6-8612-3B20B38FBDD7}.Debug|Any CPU.ActiveCfg = Debug|Any CPU
		{30DC3701-4C0E-45B6-8612-3B20B38FBDD7}.Debug|Any CPU.Build.0 = Debug|Any CPU
		{30DC3701-4C0E-45B6-8612-3B20B38FBDD7}.Debug|x64.ActiveCfg = Debug|x64
		{30DC3701-4C0E-45B6-8612-3B20B38FBDD7}.Debug|x64.Build.0 = Debug|x64
		{30DC3701-4C0E-45B6-8612-3B20B38FBDD7}.Release|Any CPU.ActiveCfg = Release|Any CPU
		{30DC3701-4C0E-45B6-8612-3B20B38FBDD7}.Release|Any CPU.Build.0 = Release|Any CPU
		{30DC3701-4C0E-45B6-8612-3B20B38FBDD7}.Release|x64.ActiveCfg = Release|x64
		{30DC3701-4C0E-45B6-8612-3B20B38FBDD7}.Release|x64.Build.0 = Release|x64
	EndGlobalSection
	GlobalSection(SolutionProperties) = preSolution
		HideSolutionNode = FALSE
	EndGlobalSection
	GlobalSection(NestedProjects) = preSolution
		{BFEC32F1-7CCE-4C2D-BB2C-C7A4705762E2} = {46198EBE-75CD-4105-B214-F4250F410800}
		{FD52B2EA-4105-4547-AB8C-C6167DE06430} = {46198EBE-75CD-4105-B214-F4250F410800}
		{FA6375A7-85E4-48D2-9323-CB161BD466C3} = {46198EBE-75CD-4105-B214-F4250F410800}
	EndGlobalSection
	GlobalSection(ExtensibilityGlobals) = postSolution
		SolutionGuid = {08B57BD5-0877-4DA8-931E-7BCF10FBAEB2}
	EndGlobalSection
EndGlobal
